<?xml version="1.0" encoding="utf-8"?>
<Project ToolsVersion="4.0" xmlns="http://schemas.microsoft.com/developer/msbuild/2003">
  <ItemGroup>
    <Filter Include="Resource Files">
      <UniqueIdentifier>{67DA6AB6-F800-4c08-8B7A-83BB121AAD01}</UniqueIdentifier>
      <Extensions>rc;ico;cur;bmp;dlg;rc2;rct;bin;rgs;gif;jpg;jpeg;jpe;resx;tiff;tif;png;wav;mfcribbon-ms</Extensions>
    </Filter>
    <Filter Include="Header Files">
      <UniqueIdentifier>{41b7f150-00f6-4f61-8e0b-eed2cf2858de}</UniqueIdentifier>
    </Filter>
  </ItemGroup>
  <ItemGroup>
    <ClCompile Include="Graphics\graphics.cpp" />
    <ClCompile Include="Levels\Tutorial\PlayTutorial.cpp" />
    <ClCompile Include="Levels\Tutorial\Tutorial.cpp" />
    <ClCompile Include="Levels\MainMenu.cpp" />
    <ClCompile Include="Songs\Song.cpp" />
    <ClCompile Include="Tools\assets.cpp" />
    <ClCompile Include="Tools\button.cpp" />
    <ClCompile Include="Tools\ContentHandler.cpp" />
    <ClCompile Include="Tools\MapPlayer.cpp" />
    <ClCompile Include="Tools\metronome.cpp" />
    <ClCompile Include="Tools\tools.cpp" />
    <ClCompile Include="Tools\VideoPlayer.cpp" />
    <ClCompile Include="Trackers\NotesTracker.cpp" />
    <ClCompile Include="Trackers\ScoreTracker.cpp" />
    <ClCompile Include="Tools\OnBeat.cpp" />
  </ItemGroup>
  <ItemGroup>
    <ClInclude Include="Include\graphics.h" />
    <ClInclude Include="Include\PlayTutorial.h" />
    <ClInclude Include="Include\Tutorial.h" />
    <ClInclude Include="Include\MainMenu.h" />
    <ClInclude Include="Include\Song.h" />
    <ClInclude Include="Include\assets.h" />
    <ClInclude Include="Include\button.h" />
    <ClInclude Include="Include\ContentHandler.h" />
    <ClInclude Include="Include\MapPlayer.h" />
    <ClInclude Include="Include\metronome.h" />
    <ClInclude Include="Include\SDL2.h" />
    <ClInclude Include="Include\tools.h" />
    <ClInclude Include="Include\NotesTracker.h" />
    <ClInclude Include="Include\ScoreTracker.h" />
  </ItemGroup>
</Project>